
Microsoft Visual Studio Solution File, Format Version 12.00
# Visual Studio Version 17
VisualStudioVersion = 17.5.2.0
MinimumVisualStudioVersion = 10.0.40219.1
Project("{FAE04EC0-301F-11D3-BF4B-00C04F79EFBC}") = "CarDepo", "CarDepo.csproj", "{C69794DD-6ACB-227F-1D74-3C27325FF313}"
EndProject
Project("{FAE04EC0-301F-11D3-BF4B-00C04F79EFBC}") = "CarDepoTest", "CarDepoTest\CarDepoTest.csproj", "{C97EBF1E-3A33-4CBA-B8E5-FD36C6C22858}"
EndProject
Global
	GlobalSection(SolutionConfigurationPlatforms) = preSolution
		Debug|Any CPU = Debug|Any CPU
		Debug|x64 = Debug|x64
		Debug|x86 = Debug|x86
		Release|Any CPU = Release|Any CPU
		Release|x64 = Release|x64
		Release|x86 = Release|x86
	EndGlobalSection
	GlobalSection(ProjectConfigurationPlatforms) = postSolution
		{C69794DD-6ACB-227F-1D74-3C27325FF313}.Debug|Any CPU.ActiveCfg = Debug|Any CPU
		{C69794DD-6ACB-227F-1D74-3C27325FF313}.Debug|Any CPU.Build.0 = Debug|Any CPU
		{C69794DD-6ACB-227F-1D74-3C27325FF313}.Debug|x64.ActiveCfg = Debug|Any CPU
		{C69794DD-6ACB-227F-1D74-3C27325FF313}.Debug|x64.Build.0 = Debug|Any CPU
		{C69794DD-6ACB-227F-1D74-3C27325FF313}.Debug|x86.ActiveCfg = Debug|Any CPU
		{C69794DD-6ACB-227F-1D74-3C27325FF313}.Debug|x86.Build.0 = Debug|Any CPU
		{C69794DD-6ACB-227F-1D74-3C27325FF313}.Release|Any CPU.ActiveCfg = Release|Any CPU
		{C69794DD-6ACB-227F-1D74-3C27325FF313}.Release|Any CPU.Build.0 = Release|Any CPU
		{C69794DD-6ACB-227F-1D74-3C27325FF313}.Release|x64.ActiveCfg = Release|Any CPU
		{C69794DD-6ACB-227F-1D74-3C27325FF313}.Release|x64.Build.0 = Release|Any CPU
		{C69794DD-6ACB-227F-1D74-3C27325FF313}.Release|x86.ActiveCfg = Release|Any CPU
		{C69794DD-6ACB-227F-1D74-3C27325FF313}.Release|x86.Build.0 = Release|Any CPU
		{C97EBF1E-3A33-4CBA-B8E5-FD36C6C22858}.Debug|Any CPU.ActiveCfg = Debug|Any CPU
		{C97EBF1E-3A33-4CBA-B8E5-FD36C6C22858}.Debug|Any CPU.Build.0 = Debug|Any CPU
		{C97EBF1E-3A33-4CBA-B8E5-FD36C6C22858}.Debug|x64.ActiveCfg = Debug|Any CPU
		{C97EBF1E-3A33-4CBA-B8E5-FD36C6C22858}.Debug|x64.Build.0 = Debug|Any CPU
		{C97EBF1E-3A33-4CBA-B8E5-FD36C6C22858}.Debug|x86.ActiveCfg = Debug|Any CPU
		{C97EBF1E-3A33-4CBA-B8E5-FD36C6C22858}.Debug|x86.Build.0 = Debug|Any CPU
		{C97EBF1E-3A33-4CBA-B8E5-FD36C6C22858}.Release|Any CPU.ActiveCfg = Release|Any CPU
		{C97EBF1E-3A33-4CBA-B8E5-FD36C6C22858}.Release|Any CPU.Build.0 = Release|Any CPU
		{C97EBF1E-3A33-4CBA-B8E5-FD36C6C22858}.Release|x64.ActiveCfg = Release|Any CPU
		{C97EBF1E-3A33-4CBA-B8E5-FD36C6C22858}.Release|x64.Build.0 = Release|Any CPU
		{C97EBF1E-3A33-4CBA-B8E5-FD36C6C22858}.Release|x86.ActiveCfg = Release|Any CPU
		{C97EBF1E-3A33-4CBA-B8E5-FD36C6C22858}.Release|x86.Build.0 = Release|Any CPU
	EndGlobalSection
	GlobalSection(SolutionProperties) = preSolution
		HideSolutionNode = FALSE
	EndGlobalSection
	GlobalSection(ExtensibilityGlobals) = postSolution
		SolutionGuid = {47F34ED7-BD91-4143-9811-9845DC480A53}
	EndGlobalSection
EndGlobal
